
Microsoft Visual Studio Solution File, Format Version 12.00
# Visual Studio Version 17
VisualStudioVersion = 17.13.35919.96
MinimumVisualStudioVersion = 10.0.40219.1
Project("{FAE04EC0-301F-11D3-BF4B-00C04F79EFBC}") = "Course1", "Course\Course1.csproj", "{A25B1AF2-F6A5-4836-80CF-C8BF6DB3F2E1}"
EndProject
Project("{FAE04EC0-301F-11D3-BF4B-00C04F79EFBC}") = "Course2", "Course2\Course2.csproj", "{D3D9DC7F-7212-4303-AF6F-EE4A5CADEB39}"
EndProject
Project("{FAE04EC0-301F-11D3-BF4B-00C04F79EFBC}") = "Course3", "Course3\Course3.csproj", "{13F67D7B-48DF-46B6-90F8-6CBF0370F063}"
EndProject
Project("{FAE04EC0-301F-11D3-BF4B-00C04F79EFBC}") = "Course4", "Course4\Course4.csproj", "{AC6DFA66-2100-4AA9-AEE2-F52ED844FBDB}"
EndProject
Project("{FAE04EC0-301F-11D3-BF4B-00C04F79EFBC}") = "Course5", "Course5\Course5.csproj", "{2DAA7A2B-4F1D-465B-80B5-FCAEC948801C}"
EndProject
Project("{FAE04EC0-301F-11D3-BF4B-00C04F79EFBC}") = "Course6", "Course6\Course6.csproj", "{56E052CF-553E-4C9D-B9E5-F02BB8733074}"
EndProject
Project("{FAE04EC0-301F-11D3-BF4B-00C04F79EFBC}") = "Course7", "Course7\Course7.csproj", "{AD911EE8-EAFD-4C35-B46B-97AB0B360FBD}"
EndProject
Project("{FAE04EC0-301F-11D3-BF4B-00C04F79EFBC}") = "Course8", "Course8\Course8.csproj", "{AC1B2D3C-2B9B-486C-BC40-737D2BAE4FEA}"
EndProject
Project("{FAE04EC0-301F-11D3-BF4B-00C04F79EFBC}") = "Course9", "Course9\Course9.csproj", "{30AFA390-8531-4C57-AD8D-9DF00CD61381}"
EndProject
Project("{FAE04EC0-301F-11D3-BF4B-00C04F79EFBC}") = "Course10", "Course10\Course10.csproj", "{B4D33AA5-FF45-4C45-9D40-556746FFE070}"
EndProject
Global
	GlobalSection(SolutionConfigurationPlatforms) = preSolution
		Debug|Any CPU = Debug|Any CPU
		Release|Any CPU = Release|Any CPU
	EndGlobalSection
	GlobalSection(ProjectConfigurationPlatforms) = postSolution
		{A25B1AF2-F6A5-4836-80CF-C8BF6DB3F2E1}.Debug|Any CPU.ActiveCfg = Debug|Any CPU
		{A25B1AF2-F6A5-4836-80CF-C8BF6DB3F2E1}.Debug|Any CPU.Build.0 = Debug|Any CPU
		{A25B1AF2-F6A5-4836-80CF-C8BF6DB3F2E1}.Release|Any CPU.ActiveCfg = Release|Any CPU
		{A25B1AF2-F6A5-4836-80CF-C8BF6DB3F2E1}.Release|Any CPU.Build.0 = Release|Any CPU
		{D3D9DC7F-7212-4303-AF6F-EE4A5CADEB39}.Debug|Any CPU.ActiveCfg = Debug|Any CPU
		{D3D9DC7F-7212-4303-AF6F-EE4A5CADEB39}.Debug|Any CPU.Build.0 = Debug|Any CPU
		{D3D9DC7F-7212-4303-AF6F-EE4A5CADEB39}.Release|Any CPU.ActiveCfg = Release|Any CPU
		{D3D9DC7F-7212-4303-AF6F-EE4A5CADEB39}.Release|Any CPU.Build.0 = Release|Any CPU
		{13F67D7B-48DF-46B6-90F8-6CBF0370F063}.Debug|Any CPU.ActiveCfg = Debug|Any CPU
		{13F67D7B-48DF-46B6-90F8-6CBF0370F063}.Debug|Any CPU.Build.0 = Debug|Any CPU
		{13F67D7B-48DF-46B6-90F8-6CBF0370F063}.Release|Any CPU.ActiveCfg = Release|Any CPU
		{13F67D7B-48DF-46B6-90F8-6CBF0370F063}.Release|Any CPU.Build.0 = Release|Any CPU
		{AC6DFA66-2100-4AA9-AEE2-F52ED844FBDB}.Debug|Any CPU.ActiveCfg = Debug|Any CPU
		{AC6DFA66-2100-4AA9-AEE2-F52ED844FBDB}.Debug|Any CPU.Build.0 = Debug|Any CPU
		{AC6DFA66-2100-4AA9-AEE2-F52ED844FBDB}.Release|Any CPU.ActiveCfg = Release|Any CPU
		{AC6DFA66-2100-4AA9-AEE2-F52ED844FBDB}.Release|Any CPU.Build.0 = Release|Any CPU
		{2DAA7A2B-4F1D-465B-80B5-FCAEC948801C}.Debug|Any CPU.ActiveCfg = Debug|Any CPU
		{2DAA7A2B-4F1D-465B-80B5-FCAEC948801C}.Debug|Any CPU.Build.0 = Debug|Any CPU
		{2DAA7A2B-4F1D-465B-80B5-FCAEC948801C}.Release|Any CPU.ActiveCfg = Release|Any CPU
		{2DAA7A2B-4F1D-465B-80B5-FCAEC948801C}.Release|Any CPU.Build.0 = Release|Any CPU
		{56E052CF-553E-4C9D-B9E5-F02BB8733074}.Debug|Any CPU.ActiveCfg = Debug|Any CPU
		{56E052CF-553E-4C9D-B9E5-F02BB8733074}.Debug|Any CPU.Build.0 = Debug|Any CPU
		{56E052CF-553E-4C9D-B9E5-F02BB8733074}.Release|Any CPU.ActiveCfg = Release|Any CPU
		{56E052CF-553E-4C9D-B9E5-F02BB8733074}.Release|Any CPU.Build.0 = Release|Any CPU
		{AD911EE8-EAFD-4C35-B46B-97AB0B360FBD}.Debug|Any CPU.ActiveCfg = Debug|Any CPU
		{AD911EE8-EAFD-4C35-B46B-97AB0B360FBD}.Debug|Any CPU.Build.0 = Debug|Any CPU
		{AD911EE8-EAFD-4C35-B46B-97AB0B360FBD}.Release|Any CPU.ActiveCfg = Release|Any CPU
		{AD911EE8-EAFD-4C35-B46B-97AB0B360FBD}.Release|Any CPU.Build.0 = Release|Any CPU
		{AC1B2D3C-2B9B-486C-BC40-737D2BAE4FEA}.Debug|Any CPU.ActiveCfg = Debug|Any CPU
		{AC1B2D3C-2B9B-486C-BC40-737D2BAE4FEA}.Debug|Any CPU.Build.0 = Debug|Any CPU
		{AC1B2D3C-2B9B-486C-BC40-737D2BAE4FEA}.Release|Any CPU.ActiveCfg = Release|Any CPU
		{AC1B2D3C-2B9B-486C-BC40-737D2BAE4FEA}.Release|Any CPU.Build.0 = Release|Any CPU
		{30AFA390-8531-4C57-AD8D-9DF00CD61381}.Debug|Any CPU.ActiveCfg = Debug|Any CPU
		{30AFA390-8531-4C57-AD8D-9DF00CD61381}.Debug|Any CPU.Build.0 = Debug|Any CPU
		{30AFA390-8531-4C57-AD8D-9DF00CD61381}.Release|Any CPU.ActiveCfg = Release|Any CPU
		{30AFA390-8531-4C57-AD8D-9DF00CD61381}.Release|Any CPU.Build.0 = Release|Any CPU
		{B4D33AA5-FF45-4C45-9D40-556746FFE070}.Debug|Any CPU.ActiveCfg = Debug|Any CPU
		{B4D33AA5-FF45-4C45-9D40-556746FFE070}.Debug|Any CPU.Build.0 = Debug|Any CPU
		{B4D33AA5-FF45-4C45-9D40-556746FFE070}.Release|Any CPU.ActiveCfg = Release|Any CPU
		{B4D33AA5-FF45-4C45-9D40-556746FFE070}.Release|Any CPU.Build.0 = Release|Any CPU
	EndGlobalSection
	GlobalSection(SolutionProperties) = preSolution
		HideSolutionNode = FALSE
	EndGlobalSection
	GlobalSection(ExtensibilityGlobals) = postSolution
		SolutionGuid = {EEF3FBD4-4070-410C-8AD2-29277BF033FE}
	EndGlobalSection
EndGlobal
